
Microsoft Visual Studio Solution File, Format Version 12.00
# Visual Studio 15
VisualStudioVersion = 15.0.28307.271
MinimumVisualStudioVersion = 10.0.40219.1
Project("{FAE04EC0-301F-11D3-BF4B-00C04F79EFBC}") = "event management", "event management\event management.csproj", "{04BBCDF0-2EF3-4590-9E6B-237515B095CF}"
EndProject
Global
	GlobalSection(SolutionConfigurationPlatforms) = preSolution
		Debug|Any CPU = Debug|Any CPU
		Release|Any CPU = Release|Any CPU
	EndGlobalSection
	GlobalSection(ProjectConfigurationPlatforms) = postSolution
		{04BBCDF0-2EF3-4590-9E6B-237515B095CF}.Debug|Any CPU.ActiveCfg = Debug|Any CPU
		{04BBCDF0-2EF3-4590-9E6B-237515B095CF}.Debug|Any CPU.Build.0 = Debug|Any CPU
		{04BBCDF0-2EF3-4590-9E6B-237515B095CF}.Release|Any CPU.ActiveCfg = Release|Any CPU
		{04BBCDF0-2EF3-4590-9E6B-237515B095CF}.Release|Any CPU.Build.0 = Release|Any CPU
	EndGlobalSection
	GlobalSection(SolutionProperties) = preSolution
		HideSolutionNode = FALSE
	EndGlobalSection
	GlobalSection(ExtensibilityGlobals) = postSolution
		SolutionGuid = {36F53E68-18B1-478E-AE61-2258F1663A94}
	EndGlobalSection
EndGlobal
